
Microsoft Visual Studio Solution File, Format Version 12.00
# Visual Studio 15
VisualStudioVersion = 15.0.26430.16
MinimumVisualStudioVersion = 10.0.40219.1
Project("{FAE04EC0-301F-11D3-BF4B-00C04F79EFBC}") = "Vivrant.DatePicker", "Vivrant.DatePicker\Vivrant.DatePicker.csproj", "{387AE1F6-68E5-4FC5-A063-95E04A7B9852}"
EndProject
Project("{FAE04EC0-301F-11D3-BF4B-00C04F79EFBC}") = "Vivrant.DatePicker.Sample", "Vivrant.DatePicker.Sample\Vivrant.DatePicker.Sample.csproj", "{022DC9CA-480C-494B-B666-5B84EB653531}"
EndProject
Global
	GlobalSection(SolutionConfigurationPlatforms) = preSolution
		Debug|Any CPU = Debug|Any CPU
		Release|Any CPU = Release|Any CPU
	EndGlobalSection
	GlobalSection(ProjectConfigurationPlatforms) = postSolution
		{387AE1F6-68E5-4FC5-A063-95E04A7B9852}.Debug|Any CPU.ActiveCfg = Debug|Any CPU
		{387AE1F6-68E5-4FC5-A063-95E04A7B9852}.Debug|Any CPU.Build.0 = Debug|Any CPU
		{387AE1F6-68E5-4FC5-A063-95E04A7B9852}.Release|Any CPU.ActiveCfg = Release|Any CPU
		{387AE1F6-68E5-4FC5-A063-95E04A7B9852}.Release|Any CPU.Build.0 = Release|Any CPU
		{022DC9CA-480C-494B-B666-5B84EB653531}.Debug|Any CPU.ActiveCfg = Debug|Any CPU
		{022DC9CA-480C-494B-B666-5B84EB653531}.Debug|Any CPU.Build.0 = Debug|Any CPU
		{022DC9CA-480C-494B-B666-5B84EB653531}.Release|Any CPU.ActiveCfg = Release|Any CPU
		{022DC9CA-480C-494B-B666-5B84EB653531}.Release|Any CPU.Build.0 = Release|Any CPU
	EndGlobalSection
	GlobalSection(SolutionProperties) = preSolution
		HideSolutionNode = FALSE
	EndGlobalSection
EndGlobal
